
Microsoft Visual Studio Solution File, Format Version 12.00
# Visual Studio Version 16
VisualStudioVersion = 25.0.1706.14
MinimumVisualStudioVersion = 10.0.40219.1
Project("{FAE04EC0-301F-11D3-BF4B-00C04F79EFBC}") = "Tugas", "Tugas\Tugas.csproj", "{40CD86CF-F336-4816-AA97-03F066A7930B}"
EndProject
Global
	GlobalSection(SolutionConfigurationPlatforms) = preSolution
		Debug|Any CPU = Debug|Any CPU
		Release|Any CPU = Release|Any CPU
	EndGlobalSection
	GlobalSection(ProjectConfigurationPlatforms) = postSolution
		{40CD86CF-F336-4816-AA97-03F066A7930B}.Debug|Any CPU.ActiveCfg = Debug|Any CPU
		{40CD86CF-F336-4816-AA97-03F066A7930B}.Debug|Any CPU.Build.0 = Debug|Any CPU
		{40CD86CF-F336-4816-AA97-03F066A7930B}.Release|Any CPU.ActiveCfg = Release|Any CPU
		{40CD86CF-F336-4816-AA97-03F066A7930B}.Release|Any CPU.Build.0 = Release|Any CPU
	EndGlobalSection
	GlobalSection(SolutionProperties) = preSolution
		HideSolutionNode = FALSE
	EndGlobalSection
	GlobalSection(ExtensibilityGlobals) = postSolution
		SolutionGuid = {B0A787B5-589D-47BA-BA0E-27A3BB410284}
	EndGlobalSection
EndGlobal
